
Microsoft Visual Studio Solution File, Format Version 12.00
# Visual Studio 15
VisualStudioVersion = 15.0.28307.136
MinimumVisualStudioVersion = 10.0.40219.1
Project("{FAE04EC0-301F-11D3-BF4B-00C04F79EFBC}") = "Zad_1_POPRAWA", "Zad_1_POPRAWA\Zad_1_POPRAWA.csproj", "{5F73FF30-1E2E-478D-9994-936D5F7C9B83}"
EndProject
Global
	GlobalSection(SolutionConfigurationPlatforms) = preSolution
		Debug|Any CPU = Debug|Any CPU
		Release|Any CPU = Release|Any CPU
	EndGlobalSection
	GlobalSection(ProjectConfigurationPlatforms) = postSolution
		{5F73FF30-1E2E-478D-9994-936D5F7C9B83}.Debug|Any CPU.ActiveCfg = Debug|Any CPU
		{5F73FF30-1E2E-478D-9994-936D5F7C9B83}.Debug|Any CPU.Build.0 = Debug|Any CPU
		{5F73FF30-1E2E-478D-9994-936D5F7C9B83}.Release|Any CPU.ActiveCfg = Release|Any CPU
		{5F73FF30-1E2E-478D-9994-936D5F7C9B83}.Release|Any CPU.Build.0 = Release|Any CPU
	EndGlobalSection
	GlobalSection(SolutionProperties) = preSolution
		HideSolutionNode = FALSE
	EndGlobalSection
	GlobalSection(ExtensibilityGlobals) = postSolution
		SolutionGuid = {BC95A415-DBA6-4928-9DF6-40FEEC2DB128}
	EndGlobalSection
EndGlobal
